
Microsoft Visual Studio Solution File, Format Version 12.00
# Visual Studio 15
VisualStudioVersion = 15.0.26730.16
MinimumVisualStudioVersion = 10.0.40219.1
Project("{FAE04EC0-301F-11D3-BF4B-00C04F79EFBC}") = "classic-csproj", "classic-csproj.csproj", "{CDBC3875-BAE2-4C4D-9E06-B4127DA03324}"
EndProject
Global
	GlobalSection(SolutionConfigurationPlatforms) = preSolution
		Debug|Any CPU = Debug|Any CPU
		Release|Any CPU = Release|Any CPU
	EndGlobalSection
	GlobalSection(ProjectConfigurationPlatforms) = postSolution
		{CDBC3875-BAE2-4C4D-9E06-B4127DA03324}.Debug|Any CPU.ActiveCfg = Debug|Any CPU
		{CDBC3875-BAE2-4C4D-9E06-B4127DA03324}.Debug|Any CPU.Build.0 = Debug|Any CPU
		{CDBC3875-BAE2-4C4D-9E06-B4127DA03324}.Release|Any CPU.ActiveCfg = Release|Any CPU
		{CDBC3875-BAE2-4C4D-9E06-B4127DA03324}.Release|Any CPU.Build.0 = Release|Any CPU
	EndGlobalSection
	GlobalSection(SolutionProperties) = preSolution
		HideSolutionNode = FALSE
	EndGlobalSection
	GlobalSection(ExtensibilityGlobals) = postSolution
		SolutionGuid = {0A81667B-090D-429A-8470-7A5D9884B532}
	EndGlobalSection
EndGlobal
